# THIS IS AN AUTOGENERATED FILE. DO NOT EDIT THIS FILE DIRECTLY.
# yarn lockfile v1


eyes@0.1.6:
  version "0.1.6"
  resolved "https://registry.yarnpkg.com/eyes/-/eyes-0.1.6.tgz#c93c22e7e75d9cef96cfb0b0d80a41bbb92ae61c"
  integrity sha1-yTwi5+ddnO+Wz7Cw2ApBu7kq5hw=

ii@^0.1.0:
  version "0.1.0"
  resolved "https://registry.yarnpkg.com/ii/-/ii-0.1.0.tgz#6ea1ce4b8da542dd321e29e926d56702e13746dd"
  integrity sha1-bqHOS42lQt0yHinpJtVnAuE3Rt0=
  dependencies:
    eyes "0.1.6"
